
Microsoft Visual Studio Solution File, Format Version 12.00
# Visual Studio Version 16
VisualStudioVersion = 16.0.31624.102
MinimumVisualStudioVersion = 10.0.40219.1
Project("{FAE04EC0-301F-11D3-BF4B-00C04F79EFBC}") = "M3_Yahtzee", "M3_Yahtzee\M3_Yahtzee.csproj", "{DB61B4FD-5AE8-4D96-8E1F-73AC72C130DB}"
EndProject
Global
	GlobalSection(SolutionConfigurationPlatforms) = preSolution
		Debug|Any CPU = Debug|Any CPU
		Release|Any CPU = Release|Any CPU
	EndGlobalSection
	GlobalSection(ProjectConfigurationPlatforms) = postSolution
		{DB61B4FD-5AE8-4D96-8E1F-73AC72C130DB}.Debug|Any CPU.ActiveCfg = Debug|Any CPU
		{DB61B4FD-5AE8-4D96-8E1F-73AC72C130DB}.Debug|Any CPU.Build.0 = Debug|Any CPU
		{DB61B4FD-5AE8-4D96-8E1F-73AC72C130DB}.Release|Any CPU.ActiveCfg = Release|Any CPU
		{DB61B4FD-5AE8-4D96-8E1F-73AC72C130DB}.Release|Any CPU.Build.0 = Release|Any CPU
	EndGlobalSection
	GlobalSection(SolutionProperties) = preSolution
		HideSolutionNode = FALSE
	EndGlobalSection
	GlobalSection(ExtensibilityGlobals) = postSolution
		SolutionGuid = {6BC6A6F3-0AEE-4EA0-A97B-44E47A173E53}
	EndGlobalSection
EndGlobal
